// !$*UTF8*$!
{
	archiveVersion = 1;
	classes = {
	};
	objectVersion = 55;
	objects = {

/* Begin PBXBuildFile section */
		69895ADF27CBD3F300925309 /* AppDelegate.swift in Sources */ = {isa = PBXBuildFile; fileRef = 69895ADE27CBD3F300925309 /* AppDelegate.swift */; };
		69895AE127CBD3F300925309 /* SceneDelegate.swift in Sources */ = {isa = PBXBuildFile; fileRef = 69895AE027CBD3F300925309 /* SceneDelegate.swift */; };
		69895AE327CBD3F300925309 /* ViewController.swift in Sources */ = {isa = PBXBuildFile; fileRef = 69895AE227CBD3F300925309 /* ViewController.swift */; };
		69895AE627CBD3F300925309 /* Main.storyboard in Resources */ = {isa = PBXBuildFile; fileRef = 69895AE427CBD3F300925309 /* Main.storyboard */; };
		69895AE827CBD3F400925309 /* Assets.xcassets in Resources */ = {isa = PBXBuildFile; fileRef = 69895AE727CBD3F400925309 /* Assets.xcassets */; };
		69895AF327D1071300925309 /* DataModel.swift in Sources */ = {isa = PBXBuildFile; fileRef = 69895AF227D1071300925309 /* DataModel.swift */; };
		69895AF527D1074000925309 /* TaskListViewController.swift in Sources */ = {isa = PBXBuildFile; fileRef = 69895AF427D1074000925309 /* TaskListViewController.swift */; };
		69895AF927D8EA2100925309 /* NavigationViewController.swift in Sources */ = {isa = PBXBuildFile; fileRef = 69895AF827D8EA2100925309 /* NavigationViewController.swift */; };
		69895AFB27D8EA9C00925309 /* AddTaskViewController.swift in Sources */ = {isa = PBXBuildFile; fileRef = 69895AFA27D8EA9C00925309 /* AddTaskViewController.swift */; };
		69895B0427DBE1EF00925309 /* TaskTableViewCell.swift in Sources */ = {isa = PBXBuildFile; fileRef = 69895B0227DBE1EF00925309 /* TaskTableViewCell.swift */; };
		69895B0527DBE1EF00925309 /* TaskTableViewCell.xib in Resources */ = {isa = PBXBuildFile; fileRef = 69895B0327DBE1EF00925309 /* TaskTableViewCell.xib */; };
/* End PBXBuildFile section */

/* Begin PBXFileReference section */
		69895ADB27CBD3F300925309 /* CompositeTask.app */ = {isa = PBXFileReference; explicitFileType = wrapper.application; includeInIndex = 0; path = CompositeTask.app; sourceTree = BUILT_PRODUCTS_DIR; };
		69895ADE27CBD3F300925309 /* AppDelegate.swift */ = {isa = PBXFileReference; lastKnownFileType = sourcecode.swift; path = AppDelegate.swift; sourceTree = "<group>"; };
		69895AE027CBD3F300925309 /* SceneDelegate.swift */ = {isa = PBXFileReference; lastKnownFileType = sourcecode.swift; path = SceneDelegate.swift; sourceTree = "<group>"; };
		69895AE227CBD3F300925309 /* ViewController.swift */ = {isa = PBXFileReference; lastKnownFileType = sourcecode.swift; path = ViewController.swift; sourceTree = "<group>"; };
		69895AE527CBD3F300925309 /* Base */ = {isa = PBXFileReference; lastKnownFileType = file.storyboard; name = Base; path = Base.lproj/Main.storyboard; sourceTree = "<group>"; };
		69895AE727CBD3F400925309 /* Assets.xcassets */ = {isa = PBXFileReference; lastKnownFileType = folder.assetcatalog; path = Assets.xcassets; sourceTree = "<group>"; };
		69895AEC27CBD3F400925309 /* Info.plist */ = {isa = PBXFileReference; lastKnownFileType = text.plist.xml; path = Info.plist; sourceTree = "<group>"; };
		69895AF227D1071300925309 /* DataModel.swift */ = {isa = PBXFileReference; lastKnownFileType = sourcecode.swift; path = DataModel.swift; sourceTree = "<group>"; };
		69895AF427D1074000925309 /* TaskListViewController.swift */ = {isa = PBXFileReference; lastKnownFileType = sourcecode.swift; path = TaskListViewController.swift; sourceTree = "<group>"; };
		69895AF827D8EA2100925309 /* NavigationViewController.swift */ = {isa = PBXFileReference; lastKnownFileType = sourcecode.swift; path = NavigationViewController.swift; sourceTree = "<group>"; };
		69895AFA27D8EA9C00925309 /* AddTaskViewController.swift */ = {isa = PBXFileReference; lastKnownFileType = sourcecode.swift; path = AddTaskViewController.swift; sourceTree = "<group>"; };
		69895B0227DBE1EF00925309 /* TaskTableViewCell.swift */ = {isa = PBXFileReference; lastKnownFileType = sourcecode.swift; path = TaskTableViewCell.swift; sourceTree = "<group>"; };
		69895B0327DBE1EF00925309 /* TaskTableViewCell.xib */ = {isa = PBXFileReference; lastKnownFileType = file.xib; path = TaskTableViewCell.xib; sourceTree = "<group>"; };
/* End PBXFileReference section */

/* Begin PBXFrameworksBuildPhase section */
		69895AD827CBD3F300925309 /* Frameworks */ = {
			isa = PBXFrameworksBuildPhase;
			buildActionMask = 2147483647;
			files = (
			);
			runOnlyForDeploymentPostprocessing = 0;
		};
/* End PBXFrameworksBuildPhase section */

/* Begin PBXGroup section */
		69895AD227CBD3F300925309 = {
			isa = PBXGroup;
			children = (
				69895ADD27CBD3F300925309 /* CompositeTask */,
				69895ADC27CBD3F300925309 /* Products */,
			);
			sourceTree = "<group>";
		};
		69895ADC27CBD3F300925309 /* Products */ = {
			isa = PBXGroup;
			children = (
				69895ADB27CBD3F300925309 /* CompositeTask.app */,
			);
			name = Products;
			sourceTree = "<group>";
		};
		69895ADD27CBD3F300925309 /* CompositeTask */ = {
			isa = PBXGroup;
			children = (
				69895AF827D8EA2100925309 /* NavigationViewController.swift */,
				69895AF427D1074000925309 /* TaskListViewController.swift */,
				69895AFA27D8EA9C00925309 /* AddTaskViewController.swift */,
				69895AF227D1071300925309 /* DataModel.swift */,
				69895ADE27CBD3F300925309 /* AppDelegate.swift */,
				69895AE027CBD3F300925309 /* SceneDelegate.swift */,
				69895AE227CBD3F300925309 /* ViewController.swift */,
				69895AE427CBD3F300925309 /* Main.storyboard */,
				69895B0227DBE1EF00925309 /* TaskTableViewCell.swift */,
				69895B0327DBE1EF00925309 /* TaskTableViewCell.xib */,
				69895AE727CBD3F400925309 /* Assets.xcassets */,
				69895AEC27CBD3F400925309 /* Info.plist */,
			);
			path = CompositeTask;
			sourceTree = "<group>";
		};
/* End PBXGroup section */

/* Begin PBXNativeTarget section */
		69895ADA27CBD3F300925309 /* CompositeTask */ = {
			isa = PBXNativeTarget;
			buildConfigurationList = 69895AEF27CBD3F400925309 /* Build configuration list for PBXNativeTarget "CompositeTask" */;
			buildPhases = (
				69895AD727CBD3F300925309 /* Sources */,
				69895AD827CBD3F300925309 /* Frameworks */,
				69895AD927CBD3F300925309 /* Resources */,
			);
			buildRules = (
			);
			dependencies = (
			);
			name = CompositeTask;
			productName = CompositeTask;
			productReference = 69895ADB27CBD3F300925309 /* CompositeTask.app */;
			productType = "com.apple.product-type.application";
		};
/* End PBXNativeTarget section */

/* Begin PBXProject section */
		69895AD327CBD3F300925309 /* Project object */ = {
			isa = PBXProject;
			attributes = {
				BuildIndependentTargetsInParallel = 1;
				LastSwiftUpdateCheck = 1320;
				LastUpgradeCheck = 1320;
				TargetAttributes = {
					69895ADA27CBD3F300925309 = {
						CreatedOnToolsVersion = 13.2.1;
					};
				};
			};
			buildConfigurationList = 69895AD627CBD3F300925309 /* Build configuration list for PBXProject "CompositeTask" */;
			compatibilityVersion = "Xcode 13.0";
			developmentRegion = en;
			hasScannedForEncodings = 0;
			knownRegions = (
				en,
				Base,
			);
			mainGroup = 69895AD227CBD3F300925309;
			productRefGroup = 69895ADC27CBD3F300925309 /* Products */;
			projectDirPath = "";
			projectRoot = "";
			targets = (
				69895ADA27CBD3F300925309 /* CompositeTask */,
			);
		};
/* End PBXProject section */

/* Begin PBXResourcesBuildPhase section */
		69895AD927CBD3F300925309 /* Resources */ = {
			isa = PBXResourcesBuildPhase;
			buildActionMask = 2147483647;
			files = (
				69895B0527DBE1EF00925309 /* TaskTableViewCell.xib in Resources */,
				69895AE827CBD3F400925309 /* Assets.xcassets in Resources */,
				69895AE627CBD3F300925309 /* Main.storyboard in Resources */,
			);
			runOnlyForDeploymentPostprocessing = 0;
		};
/* End PBXResourcesBuildPhase section */

/* Begin PBXSourcesBuildPhase section */
		69895AD727CBD3F300925309 /* Sources */ = {
			isa = PBXSourcesBuildPhase;
			buildActionMask = 2147483647;
			files = (
				69895B0427DBE1EF00925309 /* TaskTableViewCell.swift in Sources */,
				69895AF927D8EA2100925309 /* NavigationViewController.swift in Sources */,
				69895AE327CBD3F300925309 /* ViewController.swift in Sources */,
				69895AF327D1071300925309 /* DataModel.swift in Sources */,
				69895ADF27CBD3F300925309 /* AppDelegate.swift in Sources */,
				69895AE127CBD3F300925309 /* SceneDelegate.swift in Sources */,
				69895AF527D1074000925309 /* TaskListViewController.swift in Sources */,
				69895AFB27D8EA9C00925309 /* AddTaskViewController.swift in Sources */,
			);
			runOnlyForDeploymentPostprocessing = 0;
		};
/* End PBXSourcesBuildPhase section */

/* Begin PBXVariantGroup section */
		69895AE427CBD3F300925309 /* Main.storyboard */ = {
			isa = PBXVariantGroup;
			children = (
				69895AE527CBD3F300925309 /* Base */,
			);
			name = Main.storyboard;
			sourceTree = "<group>";
		};
/* End PBXVariantGroup section */

/* Begin XCBuildConfiguration section */
		69895AED27CBD3F400925309 /* Debug */ = {
			isa = XCBuildConfiguration;
			buildSettings = {
				ALWAYS_SEARCH_USER_PATHS = NO;
				CLANG_ANALYZER_NONNULL = YES;
				CLANG_ANALYZER_NUMBER_OBJECT_CONVERSION = YES_AGGRESSIVE;
				CLANG_CXX_LANGUAGE_STANDARD = "gnu++17";
				CLANG_CXX_LIBRARY = "libc++";
				CLANG_ENABLE_MODULES = YES;
				CLANG_ENABLE_OBJC_ARC = YES;
				CLANG_ENABLE_OBJC_WEAK = YES;
				CLANG_WARN_BLOCK_CAPTURE_AUTORELEASING = YES;
				CLANG_WARN_BOOL_CONVERSION = YES;
				CLANG_WARN_COMMA = YES;
				CLANG_WARN_CONSTANT_CONVERSION = YES;
				CLANG_WARN_DEPRECATED_OBJC_IMPLEMENTATIONS = YES;
				CLANG_WARN_DIRECT_OBJC_ISA_USAGE = YES_ERROR;
				CLANG_WARN_DOCUMENTATION_COMMENTS = YES;
				CLANG_WARN_EMPTY_BODY = YES;
				CLANG_WARN_ENUM_CONVERSION = YES;
				CLANG_WARN_INFINITE_RECURSION = YES;
				CLANG_WARN_INT_CONVERSION = YES;
				CLANG_WARN_NON_LITERAL_NULL_CONVERSION = YES;
				CLANG_WARN_OBJC_IMPLICIT_RETAIN_SELF = YES;
				CLANG_WARN_OBJC_LITERAL_CONVERSION = YES;
				CLANG_WARN_OBJC_ROOT_CLASS = YES_ERROR;
				CLANG_WARN_QUOTED_INCLUDE_IN_FRAMEWORK_HEADER = YES;
				CLANG_WARN_RANGE_LOOP_ANALYSIS = YES;
				CLANG_WARN_STRICT_PROTOTYPES = YES;
				CLANG_WARN_SUSPICIOUS_MOVE = YES;
				CLANG_WARN_UNGUARDED_AVAILABILITY = YES_AGGRESSIVE;
				CLANG_WARN_UNREACHABLE_CODE = YES;
				CLANG_WARN__DUPLICATE_METHOD_MATCH = YES;
				COPY_PHASE_STRIP = NO;
				DEBUG_INFORMATION_FORMAT = dwarf;
				ENABLE_STRICT_OBJC_MSGSEND = YES;
				ENABLE_TESTABILITY = YES;
				GCC_C_LANGUAGE_STANDARD = gnu11;
				GCC_DYNAMIC_NO_PIC = NO;
				GCC_NO_COMMON_BLOCKS = YES;
				GCC_OPTIMIZATION_LEVEL = 0;
				GCC_PREPROCESSOR_DEFINITIONS = (
					"DEBUG=1",
					"$(inherited)",
				);
				GCC_WARN_64_TO_32_BIT_CONVERSION = YES;
				GCC_WARN_ABOUT_RETURN_TYPE = YES_ERROR;
				GCC_WARN_UNDECLARED_SELECTOR = YES;
				GCC_WARN_UNINITIALIZED_AUTOS = YES_AGGRESSIVE;
				GCC_WARN_UNUSED_FUNCTION = YES;
				GCC_WARN_UNUSED_VARIABLE = YES;
				IPHONEOS_DEPLOYMENT_TARGET = 15.2;
				MTL_ENABLE_DEBUG_INFO = INCLUDE_SOURCE;
				MTL_FAST_MATH = YES;
				ONLY_ACTIVE_ARCH = YES;
				SDKROOT = iphoneos;
				SWIFT_ACTIVE_COMPILATION_CONDITIONS = DEBUG;
				SWIFT_OPTIMIZATION_LEVEL = "-Onone";
			};
			name = Debug;
		};
		69895AEE27CBD3F400925309 /* Release */ = {
			isa = XCBuildConfiguration;
			buildSettings = {
				ALWAYS_SEARCH_USER_PATHS = NO;
				CLANG_ANALYZER_NONNULL = YES;
				CLANG_ANALYZER_NUMBER_OBJECT_CONVERSION = YES_AGGRESSIVE;
				CLANG_CXX_LANGUAGE_STANDARD = "gnu++17";
				CLANG_CXX_LIBRARY = "libc++";
				CLANG_ENABLE_MODULES = YES;
				CLANG_ENABLE_OBJC_ARC = YES;
				CLANG_ENABLE_OBJC_WEAK = YES;
				CLANG_WARN_BLOCK_CAPTURE_AUTORELEASING = YES;
				CLANG_WARN_BOOL_CONVERSION = YES;
				CLANG_WARN_COMMA = YES;
				CLANG_WARN_CONSTANT_CONVERSION = YES;
				CLANG_WARN_DEPRECATED_OBJC_IMPLEMENTATIONS = YES;
				CLANG_WARN_DIRECT_OBJC_ISA_USAGE = YES_ERROR;
				CLANG_WARN_DOCUMENTATION_COMMENTS = YES;
				CLANG_WARN_EMPTY_BODY = YES;
				CLANG_WARN_ENUM_CONVERSION = YES;
				CLANG_WARN_INFINITE_RECURSION = YES;
				CLANG_WARN_INT_CONVERSION = YES;
				CLANG_WARN_NON_LITERAL_NULL_CONVERSION = YES;
				CLANG_WARN_OBJC_IMPLICIT_RETAIN_SELF = YES;
				CLANG_WARN_OBJC_LITERAL_CONVERSION = YES;
				CLANG_WARN_OBJC_ROOT_CLASS = YES_ERROR;
				CLANG_WARN_QUOTED_INCLUDE_IN_FRAMEWORK_HEADER = YES;
				CLANG_WARN_RANGE_LOOP_ANALYSIS = YES;
				CLANG_WARN_STRICT_PROTOTYPES = YES;
				CLANG_WARN_SUSPICIOUS_MOVE = YES;
				CLANG_WARN_UNGUARDED_AVAILABILITY = YES_AGGRESSIVE;
				CLANG_WARN_UNREACHABLE_CODE = YES;
				CLANG_WARN__DUPLICATE_METHOD_MATCH = YES;
				COPY_PHASE_STRIP = NO;
				DEBUG_INFORMATION_FORMAT = "dwarf-with-dsym";
				ENABLE_NS_ASSERTIONS = NO;
				ENABLE_STRICT_OBJC_MSGSEND = YES;
				GCC_C_LANGUAGE_STANDARD = gnu11;
				GCC_NO_COMMON_BLOCKS = YES;
				GCC_WARN_64_TO_32_BIT_CONVERSION = YES;
				GCC_WARN_ABOUT_RETURN_TYPE = YES_ERROR;
				GCC_WARN_UNDECLARED_SELECTOR = YES;
				GCC_WARN_UNINITIALIZED_AUTOS = YES_AGGRESSIVE;
				GCC_WARN_UNUSED_FUNCTION = YES;
				GCC_WARN_UNUSED_VARIABLE = YES;
				IPHONEOS_DEPLOYMENT_TARGET = 15.2;
				MTL_ENABLE_DEBUG_INFO = NO;
				MTL_FAST_MATH = YES;
				SDKROOT = iphoneos;
				SWIFT_COMPILATION_MODE = wholemodule;
				SWIFT_OPTIMIZATION_LEVEL = "-O";
				VALIDATE_PRODUCT = YES;
			};
			name = Release;
		};
		69895AF027CBD3F400925309 /* Debug */ = {
			isa = XCBuildConfiguration;
			buildSettings = {
				ASSETCATALOG_COMPILER_APPICON_NAME = AppIcon;
				ASSETCATALOG_COMPILER_GLOBAL_ACCENT_COLOR_NAME = AccentColor;
				CODE_SIGN_STYLE = Automatic;
				CURRENT_PROJECT_VERSION = 1;
				DEVELOPMENT_TEAM = 83B86ZJ7T7;
				GENERATE_INFOPLIST_FILE = YES;
				INFOPLIST_FILE = CompositeTask/Info.plist;
				INFOPLIST_KEY_UIApplicationSupportsIndirectInputEvents = YES;
				INFOPLIST_KEY_UILaunchStoryboardName = LaunchScreen;
				INFOPLIST_KEY_UIMainStoryboardFile = Main;
				INFOPLIST_KEY_UISupportedInterfaceOrientations_iPad = "UIInterfaceOrientationPortrait UIInterfaceOrientationPortraitUpsideDown UIInterfaceOrientationLandscapeLeft UIInterfaceOrientationLandscapeRight";
				INFOPLIST_KEY_UISupportedInterfaceOrientations_iPhone = "UIInterfaceOrientationPortrait UIInterfaceOrientationLandscapeLeft UIInterfaceOrientationLandscapeRight";
				LD_RUNPATH_SEARCH_PATHS = (
					"$(inherited)",
					"@executable_path/Frameworks",
				);
				MARKETING_VERSION = 1.0;
				PRODUCT_BUNDLE_IDENTIFIER = study.CompositeTask;
				PRODUCT_NAME = "$(TARGET_NAME)";
				SWIFT_EMIT_LOC_STRINGS = YES;
				SWIFT_VERSION = 5.0;
				TARGETED_DEVICE_FAMILY = "1,2";
			};
			name = Debug;
		};
		69895AF127CBD3F400925309 /* Release */ = {
			isa = XCBuildConfiguration;
			buildSettings = {
				ASSETCATALOG_COMPILER_APPICON_NAME = AppIcon;
				ASSETCATALOG_COMPILER_GLOBAL_ACCENT_COLOR_NAME = AccentColor;
				CODE_SIGN_STYLE = Automatic;
				CURRENT_PROJECT_VERSION = 1;
				DEVELOPMENT_TEAM = 83B86ZJ7T7;
				GENERATE_INFOPLIST_FILE = YES;
				INFOPLIST_FILE = CompositeTask/Info.plist;
				INFOPLIST_KEY_UIApplicationSupportsIndirectInputEvents = YES;
				INFOPLIST_KEY_UILaunchStoryboardName = LaunchScreen;
				INFOPLIST_KEY_UIMainStoryboardFile = Main;
				INFOPLIST_KEY_UISupportedInterfaceOrientations_iPad = "UIInterfaceOrientationPortrait UIInterfaceOrientationPortraitUpsideDown UIInterfaceOrientationLandscapeLeft UIInterfaceOrientationLandscapeRight";
				INFOPLIST_KEY_UISupportedInterfaceOrientations_iPhone = "UIInterfaceOrientationPortrait UIInterfaceOrientationLandscapeLeft UIInterfaceOrientationLandscapeRight";
				LD_RUNPATH_SEARCH_PATHS = (
					"$(inherited)",
					"@executable_path/Frameworks",
				);
				MARKETING_VERSION = 1.0;
				PRODUCT_BUNDLE_IDENTIFIER = study.CompositeTask;
				PRODUCT_NAME = "$(TARGET_NAME)";
				SWIFT_EMIT_LOC_STRINGS = YES;
				SWIFT_VERSION = 5.0;
				TARGETED_DEVICE_FAMILY = "1,2";
			};
			name = Release;
		};
/* End XCBuildConfiguration section */

/* Begin XCConfigurationList section */
		69895AD627CBD3F300925309 /* Build configuration list for PBXProject "CompositeTask" */ = {
			isa = XCConfigurationList;
			buildConfigurations = (
				69895AED27CBD3F400925309 /* Debug */,
				69895AEE27CBD3F400925309 /* Release */,
			);
			defaultConfigurationIsVisible = 0;
			defaultConfigurationName = Release;
		};
		69895AEF27CBD3F400925309 /* Build configuration list for PBXNativeTarget "CompositeTask" */ = {
			isa = XCConfigurationList;
			buildConfigurations = (
				69895AF027CBD3F400925309 /* Debug */,
				69895AF127CBD3F400925309 /* Release */,
			);
			defaultConfigurationIsVisible = 0;
			defaultConfigurationName = Release;
		};
/* End XCConfigurationList section */
	};
	rootObject = 69895AD327CBD3F300925309 /* Project object */;
}
